// !$*UTF8*$!
{
	archiveVersion = 1;
	classes = {
	};
	objectVersion = 46;
	objects = {

/* Begin PBXBuildFile section */
		AC0041AD1E34A3C400A157B6 /* SocketManager.swift in Sources */ = {isa = PBXBuildFile; fileRef = AC0041AC1E34A3C400A157B6 /* SocketManager.swift */; };
		ACBD29BD1DD063170063629F /* Snapper.framework in Frameworks */ = {isa = PBXBuildFile; fileRef = ACBD29BC1DD063170063629F /* Snapper.framework */; };
		ACBD29BE1DD063170063629F /* Snapper.framework in Embed Frameworks */ = {isa = PBXBuildFile; fileRef = ACBD29BC1DD063170063629F /* Snapper.framework */; settings = {ATTRIBUTES = (CodeSignOnCopy, RemoveHeadersOnCopy, ); }; };
		E5A2B9201C2A4D2800D95012 /* AppDelegate.swift in Sources */ = {isa = PBXBuildFile; fileRef = E5A2B91F1C2A4D2800D95012 /* AppDelegate.swift */; };
		E5A2B9221C2A4D2800D95012 /* ViewController.swift in Sources */ = {isa = PBXBuildFile; fileRef = E5A2B9211C2A4D2800D95012 /* ViewController.swift */; };
		E5A2B9251C2A4D2800D95012 /* Main.storyboard in Resources */ = {isa = PBXBuildFile; fileRef = E5A2B9231C2A4D2800D95012 /* Main.storyboard */; };
		E5A2B9271C2A4D2800D95012 /* Assets.xcassets in Resources */ = {isa = PBXBuildFile; fileRef = E5A2B9261C2A4D2800D95012 /* Assets.xcassets */; };
		E5A2B92A1C2A4D2800D95012 /* LaunchScreen.storyboard in Resources */ = {isa = PBXBuildFile; fileRef = E5A2B9281C2A4D2800D95012 /* LaunchScreen.storyboard */; };
/* End PBXBuildFile section */

/* Begin PBXCopyFilesBuildPhase section */
		E5616B1C1CBCB103004D3AA3 /* Embed Frameworks */ = {
			isa = PBXCopyFilesBuildPhase;
			buildActionMask = 2147483647;
			dstPath = "";
			dstSubfolderSpec = 10;
			files = (
				ACBD29BE1DD063170063629F /* Snapper.framework in Embed Frameworks */,
			);
			name = "Embed Frameworks";
			runOnlyForDeploymentPostprocessing = 0;
		};
/* End PBXCopyFilesBuildPhase section */

/* Begin PBXFileReference section */
		AC0041AC1E34A3C400A157B6 /* SocketManager.swift */ = {isa = PBXFileReference; fileEncoding = 4; lastKnownFileType = sourcecode.swift; path = SocketManager.swift; sourceTree = "<group>"; };
		ACBD29BC1DD063170063629F /* Snapper.framework */ = {isa = PBXFileReference; explicitFileType = wrapper.framework; path = Snapper.framework; sourceTree = BUILT_PRODUCTS_DIR; };
		E5A2B91C1C2A4D2800D95012 /* iOSDemo.app */ = {isa = PBXFileReference; explicitFileType = wrapper.application; includeInIndex = 0; path = iOSDemo.app; sourceTree = BUILT_PRODUCTS_DIR; };
		E5A2B91F1C2A4D2800D95012 /* AppDelegate.swift */ = {isa = PBXFileReference; lastKnownFileType = sourcecode.swift; path = AppDelegate.swift; sourceTree = "<group>"; };
		E5A2B9211C2A4D2800D95012 /* ViewController.swift */ = {isa = PBXFileReference; lastKnownFileType = sourcecode.swift; path = ViewController.swift; sourceTree = "<group>"; };
		E5A2B9241C2A4D2800D95012 /* Base */ = {isa = PBXFileReference; lastKnownFileType = file.storyboard; name = Base; path = Base.lproj/Main.storyboard; sourceTree = "<group>"; };
		E5A2B9261C2A4D2800D95012 /* Assets.xcassets */ = {isa = PBXFileReference; lastKnownFileType = folder.assetcatalog; path = Assets.xcassets; sourceTree = "<group>"; };
		E5A2B9291C2A4D2800D95012 /* Base */ = {isa = PBXFileReference; lastKnownFileType = file.storyboard; name = Base; path = Base.lproj/LaunchScreen.storyboard; sourceTree = "<group>"; };
		E5A2B92B1C2A4D2800D95012 /* Info.plist */ = {isa = PBXFileReference; lastKnownFileType = text.plist.xml; path = Info.plist; sourceTree = "<group>"; };
/* End PBXFileReference section */

/* Begin PBXFrameworksBuildPhase section */
		E5A2B9191C2A4D2800D95012 /* Frameworks */ = {
			isa = PBXFrameworksBuildPhase;
			buildActionMask = 2147483647;
			files = (
				ACBD29BD1DD063170063629F /* Snapper.framework in Frameworks */,
			);
			runOnlyForDeploymentPostprocessing = 0;
		};
/* End PBXFrameworksBuildPhase section */

/* Begin PBXGroup section */
		E5A2B9131C2A4D2800D95012 = {
			isa = PBXGroup;
			children = (
				ACBD29BC1DD063170063629F /* Snapper.framework */,
				E5A2B91E1C2A4D2800D95012 /* iOSDemo */,
				E5A2B91D1C2A4D2800D95012 /* Products */,
			);
			sourceTree = "<group>";
		};
		E5A2B91D1C2A4D2800D95012 /* Products */ = {
			isa = PBXGroup;
			children = (
				E5A2B91C1C2A4D2800D95012 /* iOSDemo.app */,
			);
			name = Products;
			sourceTree = "<group>";
		};
		E5A2B91E1C2A4D2800D95012 /* iOSDemo */ = {
			isa = PBXGroup;
			children = (
				E5A2B91F1C2A4D2800D95012 /* AppDelegate.swift */,
				E5A2B9211C2A4D2800D95012 /* ViewController.swift */,
				AC0041AC1E34A3C400A157B6 /* SocketManager.swift */,
				E5A2B9231C2A4D2800D95012 /* Main.storyboard */,
				E5A2B9261C2A4D2800D95012 /* Assets.xcassets */,
				E5A2B9281C2A4D2800D95012 /* LaunchScreen.storyboard */,
				E5A2B92B1C2A4D2800D95012 /* Info.plist */,
			);
			path = iOSDemo;
			sourceTree = "<group>";
		};
/* End PBXGroup section */

/* Begin PBXNativeTarget section */
		E5A2B91B1C2A4D2800D95012 /* iOSDemo */ = {
			isa = PBXNativeTarget;
			buildConfigurationList = E5A2B92E1C2A4D2800D95012 /* Build configuration list for PBXNativeTarget "iOSDemo" */;
			buildPhases = (
				E5A2B9181C2A4D2800D95012 /* Sources */,
				E5A2B9191C2A4D2800D95012 /* Frameworks */,
				E5A2B91A1C2A4D2800D95012 /* Resources */,
				E5616B1C1CBCB103004D3AA3 /* Embed Frameworks */,
				86A830D11D8F8FD400A69D85 /* ShellScript */,
			);
			buildRules = (
			);
			dependencies = (
			);
			name = iOSDemo;
			productName = iOSDemo;
			productReference = E5A2B91C1C2A4D2800D95012 /* iOSDemo.app */;
			productType = "com.apple.product-type.application";
		};
/* End PBXNativeTarget section */

/* Begin PBXProject section */
		E5A2B9141C2A4D2800D95012 /* Project object */ = {
			isa = PBXProject;
			attributes = {
				LastSwiftUpdateCheck = 0720;
				LastUpgradeCheck = 0800;
				ORGANIZATIONNAME = HarriesChen;
				TargetAttributes = {
					E5A2B91B1C2A4D2800D95012 = {
						CreatedOnToolsVersion = 7.2;
						DevelopmentTeam = 7NLBE99QC4;
						LastSwiftMigration = 0800;
					};
				};
			};
			buildConfigurationList = E5A2B9171C2A4D2800D95012 /* Build configuration list for PBXProject "iOSDemo" */;
			compatibilityVersion = "Xcode 3.2";
			developmentRegion = English;
			hasScannedForEncodings = 0;
			knownRegions = (
				en,
				Base,
			);
			mainGroup = E5A2B9131C2A4D2800D95012;
			productRefGroup = E5A2B91D1C2A4D2800D95012 /* Products */;
			projectDirPath = "";
			projectRoot = "";
			targets = (
				E5A2B91B1C2A4D2800D95012 /* iOSDemo */,
			);
		};
/* End PBXProject section */

/* Begin PBXResourcesBuildPhase section */
		E5A2B91A1C2A4D2800D95012 /* Resources */ = {
			isa = PBXResourcesBuildPhase;
			buildActionMask = 2147483647;
			files = (
				E5A2B92A1C2A4D2800D95012 /* LaunchScreen.storyboard in Resources */,
				E5A2B9271C2A4D2800D95012 /* Assets.xcassets in Resources */,
				E5A2B9251C2A4D2800D95012 /* Main.storyboard in Resources */,
			);
			runOnlyForDeploymentPostprocessing = 0;
		};
/* End PBXResourcesBuildPhase section */

/* Begin PBXShellScriptBuildPhase section */
		86A830D11D8F8FD400A69D85 /* ShellScript */ = {
			isa = PBXShellScriptBuildPhase;
			buildActionMask = 2147483647;
			files = (
			);
			inputPaths = (
			);
			outputPaths = (
			);
			runOnlyForDeploymentPostprocessing = 0;
			shellPath = /bin/sh;
			shellScript = "";
		};
/* End PBXShellScriptBuildPhase section */

/* Begin PBXSourcesBuildPhase section */
		E5A2B9181C2A4D2800D95012 /* Sources */ = {
			isa = PBXSourcesBuildPhase;
			buildActionMask = 2147483647;
			files = (
				E5A2B9221C2A4D2800D95012 /* ViewController.swift in Sources */,
				AC0041AD1E34A3C400A157B6 /* SocketManager.swift in Sources */,
				E5A2B9201C2A4D2800D95012 /* AppDelegate.swift in Sources */,
			);
			runOnlyForDeploymentPostprocessing = 0;
		};
/* End PBXSourcesBuildPhase section */

/* Begin PBXVariantGroup section */
		E5A2B9231C2A4D2800D95012 /* Main.storyboard */ = {
			isa = PBXVariantGroup;
			children = (
				E5A2B9241C2A4D2800D95012 /* Base */,
			);
			name = Main.storyboard;
			sourceTree = "<group>";
		};
		E5A2B9281C2A4D2800D95012 /* LaunchScreen.storyboard */ = {
			isa = PBXVariantGroup;
			children = (
				E5A2B9291C2A4D2800D95012 /* Base */,
			);
			name = LaunchScreen.storyboard;
			sourceTree = "<group>";
		};
/* End PBXVariantGroup section */

/* Begin XCBuildConfiguration section */
		E5A2B92C1C2A4D2800D95012 /* Debug */ = {
			isa = XCBuildConfiguration;
			buildSettings = {
				ALWAYS_SEARCH_USER_PATHS = NO;
				CLANG_CXX_LANGUAGE_STANDARD = "gnu++0x";
				CLANG_CXX_LIBRARY = "libc++";
				CLANG_ENABLE_MODULES = YES;
				CLANG_ENABLE_OBJC_ARC = YES;
				CLANG_WARN_BOOL_CONVERSION = YES;
				CLANG_WARN_CONSTANT_CONVERSION = YES;
				CLANG_WARN_DIRECT_OBJC_ISA_USAGE = YES_ERROR;
				CLANG_WARN_EMPTY_BODY = YES;
				CLANG_WARN_ENUM_CONVERSION = YES;
				CLANG_WARN_INFINITE_RECURSION = YES;
				CLANG_WARN_INT_CONVERSION = YES;
				CLANG_WARN_OBJC_ROOT_CLASS = YES_ERROR;
				CLANG_WARN_SUSPICIOUS_MOVE = YES;
				CLANG_WARN_UNREACHABLE_CODE = YES;
				CLANG_WARN__DUPLICATE_METHOD_MATCH = YES;
				"CODE_SIGN_IDENTITY[sdk=iphoneos*]" = "iPhone Developer";
				COPY_PHASE_STRIP = NO;
				DEBUG_INFORMATION_FORMAT = dwarf;
				ENABLE_STRICT_OBJC_MSGSEND = YES;
				ENABLE_TESTABILITY = YES;
				GCC_C_LANGUAGE_STANDARD = gnu99;
				GCC_DYNAMIC_NO_PIC = NO;
				GCC_NO_COMMON_BLOCKS = YES;
				GCC_OPTIMIZATION_LEVEL = 0;
				GCC_PREPROCESSOR_DEFINITIONS = (
					"DEBUG=1",
					"$(inherited)",
				);
				GCC_WARN_64_TO_32_BIT_CONVERSION = YES;
				GCC_WARN_ABOUT_RETURN_TYPE = YES_ERROR;
				GCC_WARN_UNDECLARED_SELECTOR = YES;
				GCC_WARN_UNINITIALIZED_AUTOS = YES_AGGRESSIVE;
				GCC_WARN_UNUSED_FUNCTION = YES;
				GCC_WARN_UNUSED_VARIABLE = YES;
				IPHONEOS_DEPLOYMENT_TARGET = 9.2;
				MTL_ENABLE_DEBUG_INFO = YES;
				ONLY_ACTIVE_ARCH = YES;
				SDKROOT = iphoneos;
				SWIFT_OPTIMIZATION_LEVEL = "-Onone";
			};
			name = Debug;
		};
		E5A2B92D1C2A4D2800D95012 /* Release */ = {
			isa = XCBuildConfiguration;
			buildSettings = {
				ALWAYS_SEARCH_USER_PATHS = NO;
				CLANG_CXX_LANGUAGE_STANDARD = "gnu++0x";
				CLANG_CXX_LIBRARY = "libc++";
				CLANG_ENABLE_MODULES = YES;
				CLANG_ENABLE_OBJC_ARC = YES;
				CLANG_WARN_BOOL_CONVERSION = YES;
				CLANG_WARN_CONSTANT_CONVERSION = YES;
				CLANG_WARN_DIRECT_OBJC_ISA_USAGE = YES_ERROR;
				CLANG_WARN_EMPTY_BODY = YES;
				CLANG_WARN_ENUM_CONVERSION = YES;
				CLANG_WARN_INFINITE_RECURSION = YES;
				CLANG_WARN_INT_CONVERSION = YES;
				CLANG_WARN_OBJC_ROOT_CLASS = YES_ERROR;
				CLANG_WARN_SUSPICIOUS_MOVE = YES;
				CLANG_WARN_UNREACHABLE_CODE = YES;
				CLANG_WARN__DUPLICATE_METHOD_MATCH = YES;
				"CODE_SIGN_IDENTITY[sdk=iphoneos*]" = "iPhone Developer";
				COPY_PHASE_STRIP = NO;
				DEBUG_INFORMATION_FORMAT = "dwarf-with-dsym";
				ENABLE_NS_ASSERTIONS = NO;
				ENABLE_STRICT_OBJC_MSGSEND = YES;
				GCC_C_LANGUAGE_STANDARD = gnu99;
				GCC_NO_COMMON_BLOCKS = YES;
				GCC_WARN_64_TO_32_BIT_CONVERSION = YES;
				GCC_WARN_ABOUT_RETURN_TYPE = YES_ERROR;
				GCC_WARN_UNDECLARED_SELECTOR = YES;
				GCC_WARN_UNINITIALIZED_AUTOS = YES_AGGRESSIVE;
				GCC_WARN_UNUSED_FUNCTION = YES;
				GCC_WARN_UNUSED_VARIABLE = YES;
				IPHONEOS_DEPLOYMENT_TARGET = 9.2;
				MTL_ENABLE_DEBUG_INFO = NO;
				SDKROOT = iphoneos;
				SWIFT_OPTIMIZATION_LEVEL = "-Owholemodule";
				VALIDATE_PRODUCT = YES;
			};
			name = Release;
		};
		E5A2B92F1C2A4D2800D95012 /* Debug */ = {
			isa = XCBuildConfiguration;
			buildSettings = {
				ASSETCATALOG_COMPILER_APPICON_NAME = AppIcon;
				DEVELOPMENT_TEAM = 7NLBE99QC4;
				INFOPLIST_FILE = iOSDemo/Info.plist;
				LD_RUNPATH_SEARCH_PATHS = "$(inherited) @executable_path/Frameworks";
				PRODUCT_BUNDLE_IDENTIFIER = com.harrieschen.iOSDemo;
				PRODUCT_NAME = "$(TARGET_NAME)";
				SWIFT_VERSION = 3.0;
			};
			name = Debug;
		};
		E5A2B9301C2A4D2800D95012 /* Release */ = {
			isa = XCBuildConfiguration;
			buildSettings = {
				ASSETCATALOG_COMPILER_APPICON_NAME = AppIcon;
				DEVELOPMENT_TEAM = 7NLBE99QC4;
				INFOPLIST_FILE = iOSDemo/Info.plist;
				LD_RUNPATH_SEARCH_PATHS = "$(inherited) @executable_path/Frameworks";
				PRODUCT_BUNDLE_IDENTIFIER = com.harrieschen.iOSDemo;
				PRODUCT_NAME = "$(TARGET_NAME)";
				SWIFT_VERSION = 3.0;
			};
			name = Release;
		};
/* End XCBuildConfiguration section */

/* Begin XCConfigurationList section */
		E5A2B9171C2A4D2800D95012 /* Build configuration list for PBXProject "iOSDemo" */ = {
			isa = XCConfigurationList;
			buildConfigurations = (
				E5A2B92C1C2A4D2800D95012 /* Debug */,
				E5A2B92D1C2A4D2800D95012 /* Release */,
			);
			defaultConfigurationIsVisible = 0;
			defaultConfigurationName = Release;
		};
		E5A2B92E1C2A4D2800D95012 /* Build configuration list for PBXNativeTarget "iOSDemo" */ = {
			isa = XCConfigurationList;
			buildConfigurations = (
				E5A2B92F1C2A4D2800D95012 /* Debug */,
				E5A2B9301C2A4D2800D95012 /* Release */,
			);
			defaultConfigurationIsVisible = 0;
			defaultConfigurationName = Release;
		};
/* End XCConfigurationList section */
	};
	rootObject = E5A2B9141C2A4D2800D95012 /* Project object */;
}
